
Microsoft Visual Studio Solution File, Format Version 12.00
# Visual Studio Version 17
VisualStudioVersion = 17.2.32630.192
MinimumVisualStudioVersion = 10.0.40219.1
Project("{9A19103F-16F7-4668-BE54-9A1E7A4F7556}") = "ForzaDualSense", "ForzaDualSense\ForzaDualSense.csproj", "{0809068A-3B6E-41D0-8C08-FEBCE7D02BEA}"
EndProject
Project("{2150E333-8FDC-42A3-9474-1A3956D46DE8}") = "Solution Items", "Solution Items", "{94CE27EB-25C7-445A-A8A7-8E155F5A9AC3}"
	ProjectSection(SolutionItems) = preProject
		.gitignore = .gitignore
		Directory.Build.props = Directory.Build.props
		Readme.md = Readme.md
	EndProjectSection
EndProject
Global
	GlobalSection(SolutionConfigurationPlatforms) = preSolution
		Debug|Any CPU = Debug|Any CPU
		Release|Any CPU = Release|Any CPU
	EndGlobalSection
	GlobalSection(ProjectConfigurationPlatforms) = postSolution
		{0809068A-3B6E-41D0-8C08-FEBCE7D02BEA}.Debug|Any CPU.ActiveCfg = Debug|Any CPU
		{0809068A-3B6E-41D0-8C08-FEBCE7D02BEA}.Debug|Any CPU.Build.0 = Debug|Any CPU
		{0809068A-3B6E-41D0-8C08-FEBCE7D02BEA}.Release|Any CPU.ActiveCfg = Release|Any CPU
		{0809068A-3B6E-41D0-8C08-FEBCE7D02BEA}.Release|Any CPU.Build.0 = Release|Any CPU
	EndGlobalSection
	GlobalSection(SolutionProperties) = preSolution
		HideSolutionNode = FALSE
	EndGlobalSection
	GlobalSection(ExtensibilityGlobals) = postSolution
		SolutionGuid = {3D903D54-6888-481C-979A-EFC86CF53894}
	EndGlobalSection
EndGlobal
